
Microsoft Visual Studio Solution File, Format Version 12.00
# Visual Studio 14
VisualStudioVersion = 14.0.25420.1
MinimumVisualStudioVersion = 10.0.40219.1
Project("{FAE04EC0-301F-11D3-BF4B-00C04F79EFBC}") = "WpfHealthBreezeTV", "WpfHealthBreezeTV\WpfHealthBreezeTV.csproj", "{CBF42375-3BC5-4985-BF22-A5E8914A6334}"
EndProject
Project("{54435603-DBB4-11D2-8724-00A0C9A8B90C}") = "HealthBreezeTV", "HealthBreezeTV\HealthBreezeTV.vdproj", "{420A22DF-1CCE-4BC4-AC5F-2D9F03BA302A}"
EndProject
Global
	GlobalSection(SolutionConfigurationPlatforms) = preSolution
		Debug|Any CPU = Debug|Any CPU
		Release|Any CPU = Release|Any CPU
	EndGlobalSection
	GlobalSection(ProjectConfigurationPlatforms) = postSolution
		{CBF42375-3BC5-4985-BF22-A5E8914A6334}.Debug|Any CPU.ActiveCfg = Debug|Any CPU
		{CBF42375-3BC5-4985-BF22-A5E8914A6334}.Debug|Any CPU.Build.0 = Debug|Any CPU
		{CBF42375-3BC5-4985-BF22-A5E8914A6334}.Release|Any CPU.ActiveCfg = Release|Any CPU
		{CBF42375-3BC5-4985-BF22-A5E8914A6334}.Release|Any CPU.Build.0 = Release|Any CPU
		{420A22DF-1CCE-4BC4-AC5F-2D9F03BA302A}.Debug|Any CPU.ActiveCfg = Debug
		{420A22DF-1CCE-4BC4-AC5F-2D9F03BA302A}.Release|Any CPU.ActiveCfg = Release
	EndGlobalSection
	GlobalSection(SolutionProperties) = preSolution
		HideSolutionNode = FALSE
	EndGlobalSection
EndGlobal
